PODS:
  - BrandButton (0.1.0)

DEPENDENCIES:
  - BrandButton (from `/Users/ahmedfayek/Desktop/Me/Projects/BrandButton/BrandButton`)

EXTERNAL SOURCES:
  BrandButton:
    :path: "/Users/ahmedfayek/Desktop/Me/Projects/BrandButton/BrandButton"

SPEC CHECKSUMS:
  BrandButton: 5e0b6137347e7cef0550dda4affb7aa0b644b17c

PODFILE CHECKSUM: bc1900988dfa30c396bd752a1c702baf6659d2c3

COCOAPODS: 1.15.2
