PODS:
  - BrandButton (0.1.2)

DEPENDENCIES:
  - BrandButton (from `/Users/ahmedfayek/Desktop/Me/Projects/BrandButton/BrandButton`)

EXTERNAL SOURCES:
  BrandButton:
    :path: "/Users/ahmedfayek/Desktop/Me/Projects/BrandButton/BrandButton"

SPEC CHECKSUMS:
  BrandButton: 5e9b85d465016a5fa4b9ae833f9e12d8e9dede2e

PODFILE CHECKSUM: a6d8a9b2eed68450bb47d2813708954411102e7f

COCOAPODS: 1.15.2
